
Microsoft Visual Studio Solution File, Format Version 12.00
# Visual Studio Version 17
VisualStudioVersion = 17.9.34728.123
MinimumVisualStudioVersion = 10.0.40219.1
Project("{FAE04EC0-301F-11D3-BF4B-00C04F79EFBC}") = "WindowsFormsApp4", "WindowsFormsApp4\WindowsFormsApp4.csproj", "{3077597E-6D47-43D9-A093-2EB53094186E}"
EndProject
Global
	GlobalSection(SolutionConfigurationPlatforms) = preSolution
		Debug|Any CPU = Debug|Any CPU
		Release|Any CPU = Release|Any CPU
	EndGlobalSection
	GlobalSection(ProjectConfigurationPlatforms) = postSolution
		{3077597E-6D47-43D9-A093-2EB53094186E}.Debug|Any CPU.ActiveCfg = Debug|Any CPU
		{3077597E-6D47-43D9-A093-2EB53094186E}.Debug|Any CPU.Build.0 = Debug|Any CPU
		{3077597E-6D47-43D9-A093-2EB53094186E}.Release|Any CPU.ActiveCfg = Release|Any CPU
		{3077597E-6D47-43D9-A093-2EB53094186E}.Release|Any CPU.Build.0 = Release|Any CPU
	EndGlobalSection
	GlobalSection(SolutionProperties) = preSolution
		HideSolutionNode = FALSE
	EndGlobalSection
	GlobalSection(ExtensibilityGlobals) = postSolution
		SolutionGuid = {182EB276-A9D3-4513-B4B5-DE35B42B94D6}
	EndGlobalSection
EndGlobal
